# THIS IS AN AUTOGENERATED FILE. DO NOT EDIT THIS FILE DIRECTLY.
# yarn lockfile v1


"@0no-co/graphql.web@^1.0.1":
  version "1.0.4"
  resolved "https://registry.yarnpkg.com/@0no-co/graphql.web/-/graphql.web-1.0.4.tgz#9606eb651955499525d068ce0ad8bea596286ce2"
  integrity sha512-W3ezhHGfO0MS1PtGloaTpg0PbaT8aZSmmaerL7idtU5F7oCI+uu25k+MsMS31BVFlp4aMkHSrNRxiD72IlK8TA==

"@artblocks/contracts@^1.1.0":
  version "1.1.0"
  resolved "https://registry.yarnpkg.com/@artblocks/contracts/-/contracts-1.1.0.tgz#3dc17759a672c99bc3d0006d4352bdea92325ea0"
  integrity sha512-pes9VoiC0pzDoRQbwbVoYKwrQ6kFZUJTt5PUu1j90DNASWvKaNAQSQAUzsKFrDmhpRX0hllbXzlfBDy0tE0D1A==
  dependencies:
    "@openzeppelin-0.5/contracts" "npm:@openzeppelin/contracts@2.5.1"
    "@openzeppelin-4.5/contracts" "npm:@openzeppelin/contracts@4.5.0"
    "@openzeppelin-4.7/contracts" "npm:@openzeppelin/contracts@4.7.1"
    "@openzeppelin-4.8/contracts-upgradeable" "npm:@openzeppelin/contracts-upgradeable@4.8.0"
    "@urql/exchange-retry" "^1.2.0"
    graphql "^16.8.1"
    urql "^4.0.5"

"@openzeppelin-0.5/contracts@npm:@openzeppelin/contracts@2.5.1":
  version "2.5.1"
  resolved "https://registry.yarnpkg.com/@openzeppelin/contracts/-/contracts-2.5.1.tgz#c76e3fc57aa224da3718ec351812a4251289db31"
  integrity sha512-qIy6tLx8rtybEsIOAlrM4J/85s2q2nPkDqj/Rx46VakBZ0LwtFhXIVub96LXHczQX0vaqmAueDqNPXtbSXSaYQ==

"@openzeppelin-4.5/contracts@npm:@openzeppelin/contracts@4.5.0":
  version "4.5.0"
  resolved "https://registry.yarnpkg.com/@openzeppelin/contracts/-/contracts-4.5.0.tgz#3fd75d57de172b3743cdfc1206883f56430409cc"
  integrity sha512-fdkzKPYMjrRiPK6K4y64e6GzULR7R7RwxSigHS8DDp7aWDeoReqsQI+cxHV1UuhAqX69L1lAaWDxenfP+xiqzA==

"@openzeppelin-4.7/contracts@npm:@openzeppelin/contracts@4.7.1":
  version "4.7.1"
  resolved "https://registry.yarnpkg.com/@openzeppelin/contracts/-/contracts-4.7.1.tgz#33d0a857b76b18d313e6bb6ed28cdaf367e90cfe"
  integrity sha512-UXmAjKARsXORHlHZu5GCD7ZbRKm6nU8UHnbuT/QJJa2JEOEcbvV/X8w/sUk62Sl9VZuuljM1akrZLyAtzUgsxw==

"@openzeppelin-4.8/contracts-upgradeable@npm:@openzeppelin/contracts-upgradeable@4.8.0":
  version "4.8.0"
  resolved "https://registry.yarnpkg.com/@openzeppelin/contracts-upgradeable/-/contracts-upgradeable-4.8.0.tgz#26688982f46969018e3ed3199e72a07c8d114275"
  integrity sha512-5GeFgqMiDlqGT8EdORadp1ntGF0qzWZLmEY7Wbp/yVhN7/B3NNzCxujuI77ktlyG81N3CUZP8cZe3ZAQ/cW10w==

"@urql/core@>=4.2.0", "@urql/core@^4.2.0":
  version "4.2.3"
  resolved "https://registry.yarnpkg.com/@urql/core/-/core-4.2.3.tgz#f956e8a33c4bd055c0c5151491843dd46d737f0f"
  integrity sha512-DJ9q9+lcs5JL8DcU2J3NqsgeXYJva+1+Qt8HU94kzTPqVOIRRA7ouvy4ksUfPY+B5G2PQ+vLh+JJGyZCNXv0cg==
  dependencies:
    "@0no-co/graphql.web" "^1.0.1"
    wonka "^6.3.2"

"@urql/exchange-retry@^1.2.0":
  version "1.2.1"
  resolved "https://registry.yarnpkg.com/@urql/exchange-retry/-/exchange-retry-1.2.1.tgz#5d25a89c2b3dabf97c9fbd56c168395b174ff9e3"
  integrity sha512-+BP73EJA0zJpGbdU1V6l2v8hb2m7/9dMHnF85ZjkaG6INkq4O7Tu9+jfC2wYxt2cajRxgxOoAL3iEJ5Xeerzyg==
  dependencies:
    "@urql/core" ">=4.2.0"
    wonka "^6.3.2"

graphql@^16.8.1:
  version "16.8.1"
  resolved "https://registry.yarnpkg.com/graphql/-/graphql-16.8.1.tgz#1930a965bef1170603702acdb68aedd3f3cf6f07"
  integrity sha512-59LZHPdGZVh695Ud9lRzPBVTtlX9ZCV150Er2W43ro37wVof0ctenSaskPPjN7lVTIN8mSZt8PHUNKZuNQUuxw==

urql@^4.0.5:
  version "4.0.6"
  resolved "https://registry.yarnpkg.com/urql/-/urql-4.0.6.tgz#2a2442da7ca63689559b0eff763b17ed4213928e"
  integrity sha512-meXJ2puOd64uCGKh7Fse2R7gPa8+ZpBOoA62jN7CPXXUt7SVZSdeXWSpB3HvlfzLUkEqsWbvshwrgeWRYNNGaQ==
  dependencies:
    "@urql/core" "^4.2.0"
    wonka "^6.3.2"

wonka@^6.3.2:
  version "6.3.4"
  resolved "https://registry.yarnpkg.com/wonka/-/wonka-6.3.4.tgz#76eb9316e3d67d7febf4945202b5bdb2db534594"
  integrity sha512-CjpbqNtBGNAeyNS/9W6q3kSkKE52+FjIj7AkFlLr11s/VWGUu6a2CdYSdGxocIhIVjaW/zchesBQUKPVU69Cqg==
